
Microsoft Visual Studio Solution File, Format Version 12.00
# Visual Studio Version 17
VisualStudioVersion = 17.9.34607.119
MinimumVisualStudioVersion = 10.0.40219.1
Project("{2150E333-8FDC-42A3-9474-1A3956D46DE8}") = "src", "src", "{D2D94E9E-695F-432F-8758-B344E8947878}"
	ProjectSection(SolutionItems) = preProject
		Directory.Build.props = Directory.Build.props
	EndProjectSection
EndProject
Project("{FAE04EC0-301F-11D3-BF4B-00C04F79EFBC}") = "App.Core", "App.Core\App.Core.csproj", "{F9F1F568-7994-47B3-B29A-9296BE7C0F4C}"
EndProject
Project("{FAE04EC0-301F-11D3-BF4B-00C04F79EFBC}") = "App.Domain", "App.Domain\App.Domain.csproj", "{B4D8D199-EC7A-44DF-AF18-0704C51864D2}"
EndProject
Global
	GlobalSection(SolutionConfigurationPlatforms) = preSolution
		Debug|Any CPU = Debug|Any CPU
		Release|Any CPU = Release|Any CPU
	EndGlobalSection
	GlobalSection(ProjectConfigurationPlatforms) = postSolution
		{F9F1F568-7994-47B3-B29A-9296BE7C0F4C}.Debug|Any CPU.ActiveCfg = Debug|Any CPU
		{F9F1F568-7994-47B3-B29A-9296BE7C0F4C}.Debug|Any CPU.Build.0 = Debug|Any CPU
		{F9F1F568-7994-47B3-B29A-9296BE7C0F4C}.Release|Any CPU.ActiveCfg = Release|Any CPU
		{F9F1F568-7994-47B3-B29A-9296BE7C0F4C}.Release|Any CPU.Build.0 = Release|Any CPU
		{B4D8D199-EC7A-44DF-AF18-0704C51864D2}.Debug|Any CPU.ActiveCfg = Debug|Any CPU
		{B4D8D199-EC7A-44DF-AF18-0704C51864D2}.Debug|Any CPU.Build.0 = Debug|Any CPU
		{B4D8D199-EC7A-44DF-AF18-0704C51864D2}.Release|Any CPU.ActiveCfg = Release|Any CPU
		{B4D8D199-EC7A-44DF-AF18-0704C51864D2}.Release|Any CPU.Build.0 = Release|Any CPU
	EndGlobalSection
	GlobalSection(SolutionProperties) = preSolution
		HideSolutionNode = FALSE
	EndGlobalSection
	GlobalSection(NestedProjects) = preSolution
		{F9F1F568-7994-47B3-B29A-9296BE7C0F4C} = {D2D94E9E-695F-432F-8758-B344E8947878}
		{B4D8D199-EC7A-44DF-AF18-0704C51864D2} = {D2D94E9E-695F-432F-8758-B344E8947878}
	EndGlobalSection
	GlobalSection(ExtensibilityGlobals) = postSolution
		SolutionGuid = {C8B30F28-AE5A-40BD-9BE8-162C1F3A2823}
	EndGlobalSection
EndGlobal
